
Microsoft Visual Studio Solution File, Format Version 12.00
# Visual Studio Version 17
VisualStudioVersion = 17.5.002.0
MinimumVisualStudioVersion = 10.0.40219.1
Project("{9A19103F-16F7-4668-BE54-9A1E7A4F7556}") = "hc-5893", "hc-5893.csproj", "{D726AEC2-15C7-41CD-8584-95E102D4371D}"
EndProject
Global
	GlobalSection(SolutionConfigurationPlatforms) = preSolution
		Debug|Any CPU = Debug|Any CPU
		Release|Any CPU = Release|Any CPU
	EndGlobalSection
	GlobalSection(ProjectConfigurationPlatforms) = postSolution
		{D726AEC2-15C7-41CD-8584-95E102D4371D}.Debug|Any CPU.ActiveCfg = Debug|Any CPU
		{D726AEC2-15C7-41CD-8584-95E102D4371D}.Debug|Any CPU.Build.0 = Debug|Any CPU
		{D726AEC2-15C7-41CD-8584-95E102D4371D}.Release|Any CPU.ActiveCfg = Release|Any CPU
		{D726AEC2-15C7-41CD-8584-95E102D4371D}.Release|Any CPU.Build.0 = Release|Any CPU
	EndGlobalSection
	GlobalSection(SolutionProperties) = preSolution
		HideSolutionNode = FALSE
	EndGlobalSection
	GlobalSection(ExtensibilityGlobals) = postSolution
		SolutionGuid = {A0C0C298-9EA8-43DA-98E1-1C18714574FF}
	EndGlobalSection
EndGlobal
